
Microsoft Visual Studio Solution File, Format Version 12.00
# Visual Studio Version 17
VisualStudioVersion = 17.7.34031.279
MinimumVisualStudioVersion = 10.0.40219.1
Project("{9A19103F-16F7-4668-BE54-9A1E7A4F7556}") = "FftFlat", "FftFlat\FftFlat.csproj", "{0665A880-6610-42A3-AE97-1423F2AEB93E}"
EndProject
Project("{9A19103F-16F7-4668-BE54-9A1E7A4F7556}") = "FftFlatTest", "FftFlatTest\FftFlatTest.csproj", "{70AE9C4E-909B-4D82-80E1-4A74429C71FE}"
EndProject
Project("{9A19103F-16F7-4668-BE54-9A1E7A4F7556}") = "Workspace", "Workspace\Workspace.csproj", "{06FBE237-B9F4-4509-AE47-836EB6FBA065}"
EndProject
Project("{9A19103F-16F7-4668-BE54-9A1E7A4F7556}") = "Benchmark", "Benchmark\Benchmark.csproj", "{A2173637-549B-4FFA-A4AD-5DA853FE0B20}"
EndProject
Project("{FAE04EC0-301F-11D3-BF4B-00C04F79EFBC}") = "Nayuki", "Nayuki\Nayuki.csproj", "{41A884C6-6B4E-4F5F-9DE3-F00BB07A5083}"
EndProject
Global
	GlobalSection(SolutionConfigurationPlatforms) = preSolution
		Debug|Any CPU = Debug|Any CPU
		Release|Any CPU = Release|Any CPU
	EndGlobalSection
	GlobalSection(ProjectConfigurationPlatforms) = postSolution
		{0665A880-6610-42A3-AE97-1423F2AEB93E}.Debug|Any CPU.ActiveCfg = Debug|Any CPU
		{0665A880-6610-42A3-AE97-1423F2AEB93E}.Debug|Any CPU.Build.0 = Debug|Any CPU
		{0665A880-6610-42A3-AE97-1423F2AEB93E}.Release|Any CPU.ActiveCfg = Release|Any CPU
		{0665A880-6610-42A3-AE97-1423F2AEB93E}.Release|Any CPU.Build.0 = Release|Any CPU
		{70AE9C4E-909B-4D82-80E1-4A74429C71FE}.Debug|Any CPU.ActiveCfg = Debug|Any CPU
		{70AE9C4E-909B-4D82-80E1-4A74429C71FE}.Debug|Any CPU.Build.0 = Debug|Any CPU
		{70AE9C4E-909B-4D82-80E1-4A74429C71FE}.Release|Any CPU.ActiveCfg = Release|Any CPU
		{70AE9C4E-909B-4D82-80E1-4A74429C71FE}.Release|Any CPU.Build.0 = Release|Any CPU
		{06FBE237-B9F4-4509-AE47-836EB6FBA065}.Debug|Any CPU.ActiveCfg = Debug|Any CPU
		{06FBE237-B9F4-4509-AE47-836EB6FBA065}.Debug|Any CPU.Build.0 = Debug|Any CPU
		{06FBE237-B9F4-4509-AE47-836EB6FBA065}.Release|Any CPU.ActiveCfg = Release|Any CPU
		{06FBE237-B9F4-4509-AE47-836EB6FBA065}.Release|Any CPU.Build.0 = Release|Any CPU
		{A2173637-549B-4FFA-A4AD-5DA853FE0B20}.Debug|Any CPU.ActiveCfg = Debug|Any CPU
		{A2173637-549B-4FFA-A4AD-5DA853FE0B20}.Debug|Any CPU.Build.0 = Debug|Any CPU
		{A2173637-549B-4FFA-A4AD-5DA853FE0B20}.Release|Any CPU.ActiveCfg = Release|Any CPU
		{A2173637-549B-4FFA-A4AD-5DA853FE0B20}.Release|Any CPU.Build.0 = Release|Any CPU
		{41A884C6-6B4E-4F5F-9DE3-F00BB07A5083}.Debug|Any CPU.ActiveCfg = Debug|Any CPU
		{41A884C6-6B4E-4F5F-9DE3-F00BB07A5083}.Debug|Any CPU.Build.0 = Debug|Any CPU
		{41A884C6-6B4E-4F5F-9DE3-F00BB07A5083}.Release|Any CPU.ActiveCfg = Release|Any CPU
		{41A884C6-6B4E-4F5F-9DE3-F00BB07A5083}.Release|Any CPU.Build.0 = Release|Any CPU
	EndGlobalSection
	GlobalSection(SolutionProperties) = preSolution
		HideSolutionNode = FALSE
	EndGlobalSection
	GlobalSection(ExtensibilityGlobals) = postSolution
		SolutionGuid = {C23F352C-BAB7-4E8B-8476-BEA567FB0E55}
	EndGlobalSection
EndGlobal
